
Microsoft Visual Studio Solution File, Format Version 12.00
# Visual Studio Version 16
VisualStudioVersion = 16.0.29728.190
MinimumVisualStudioVersion = 10.0.40219.1
Project("{FAE04EC0-301F-11D3-BF4B-00C04F79EFBC}") = "E-ProjectSem3", "E-ProjectSem3\E-ProjectSem3.csproj", "{92559825-BCB1-42D3-B6D9-7CD0224A09DF}"
EndProject
Global
	GlobalSection(SolutionConfigurationPlatforms) = preSolution
		Debug|Any CPU = Debug|Any CPU
		Release|Any CPU = Release|Any CPU
	EndGlobalSection
	GlobalSection(ProjectConfigurationPlatforms) = postSolution
		{92559825-BCB1-42D3-B6D9-7CD0224A09DF}.Debug|Any CPU.ActiveCfg = Debug|Any CPU
		{92559825-BCB1-42D3-B6D9-7CD0224A09DF}.Debug|Any CPU.Build.0 = Debug|Any CPU
		{92559825-BCB1-42D3-B6D9-7CD0224A09DF}.Release|Any CPU.ActiveCfg = Release|Any CPU
		{92559825-BCB1-42D3-B6D9-7CD0224A09DF}.Release|Any CPU.Build.0 = Release|Any CPU
	EndGlobalSection
	GlobalSection(SolutionProperties) = preSolution
		HideSolutionNode = FALSE
	EndGlobalSection
	GlobalSection(ExtensibilityGlobals) = postSolution
		SolutionGuid = {CF7D9F9B-1EEB-4711-803F-187F749B2D2E}
	EndGlobalSection
EndGlobal
